%{
  "cowboy": {:hex, :cowboy, "1.1.2", "61ac29ea970389a88eca5a65601460162d370a70018afe6f949a29dca91f3bb0", [:rebar3], [{:cowlib, "~> 1.0.2", [hex: :cowlib, repo: "hexpm", optional: false]}, {:ranch, "~> 1.3.2", [hex: :ranch, repo: "hexpm", optional: false]}], "hexpm", "f4763bbe08233eceed6f24bc4fcc8d71c17cfeafa6439157c57349aa1bb4f17c"},
  "cowlib": {:hex, :cowlib, "1.0.2", "9d769a1d062c9c3ac753096f868ca121e2730b9a377de23dec0f7e08b1df84ee", [:make], [], "hexpm", "db622da03aa039e6366ab953e31186cc8190d32905e33788a1acb22744e6abd2"},
  "earmark": {:hex, :earmark, "1.4.13", "2c6ce9768fc9fdbf4046f457e207df6360ee6c91ee1ecb8e9a139f96a4289d91", [:mix], [{:earmark_parser, ">= 1.4.12", [hex: :earmark_parser, repo: "hexpm", optional: false]}], "hexpm", "a0cf3ed88ef2b1964df408889b5ecb886d1a048edde53497fc935ccd15af3403"},
  "earmark_parser": {:hex, :earmark_parser, "1.4.12", "b245e875ec0a311a342320da0551da407d9d2b65d98f7a9597ae078615af3449", [:mix], [], "hexpm", "711e2cc4d64abb7d566d43f54b78f7dc129308a63bc103fbd88550d2174b3160"},
  "ex_doc": {:hex, :ex_doc, "0.21.3", "857ec876b35a587c5d9148a2512e952e24c24345552259464b98bfbb883c7b42", [:mix], [{:earmark, "~> 1.4", [hex: :earmark, repo: "hexpm", optional: false]}, {:makeup_elixir, "~> 0.14", [hex: :makeup_elixir, repo: "hexpm", optional: false]}], "hexpm", "0db1ee8d1547ab4877c5b5dffc6604ef9454e189928d5ba8967d4a58a801f161"},
  "makeup": {:hex, :makeup, "1.0.5", "d5a830bc42c9800ce07dd97fa94669dfb93d3bf5fcf6ea7a0c67b2e0e4a7f26c", [:mix], [{:nimble_parsec, "~> 0.5 or ~> 1.0", [hex: :nimble_parsec, repo: "hexpm", optional: false]}], "hexpm", "cfa158c02d3f5c0c665d0af11512fed3fba0144cf1aadee0f2ce17747fba2ca9"},
  "makeup_elixir": {:hex, :makeup_elixir, "0.15.1", "b5888c880d17d1cc3e598f05cdb5b5a91b7b17ac4eaf5f297cb697663a1094dd", [:mix], [{:makeup, "~> 1.0", [hex: :makeup, repo: "hexpm", optional: false]}, {:nimble_parsec, "~> 1.1", [hex: :nimble_parsec, repo: "hexpm", optional: false]}], "hexpm", "db68c173234b07ab2a07f645a5acdc117b9f99d69ebf521821d89690ae6c6ec8"},
  "mime": {:hex, :mime, "1.5.0", "203ef35ef3389aae6d361918bf3f952fa17a09e8e43b5aa592b93eba05d0fb8d", [:mix], [], "hexpm", "55a94c0f552249fc1a3dd9cd2d3ab9de9d3c89b559c2bd01121f824834f24746"},
  "nimble_parsec": {:hex, :nimble_parsec, "1.1.0", "3a6fca1550363552e54c216debb6a9e95bd8d32348938e13de5eda962c0d7f89", [:mix], [], "hexpm", "08eb32d66b706e913ff748f11694b17981c0b04a33ef470e33e11b3d3ac8f54b"},
  "plug": {:hex, :plug, "1.11.0", "f17217525597628298998bc3baed9f8ea1fa3f1160aa9871aee6df47a6e4d38e", [:mix], [{:mime, "~> 1.0", [hex: :mime, repo: "hexpm", optional: false]}, {:plug_crypto, "~> 1.1.1 or ~> 1.2", [hex: :plug_crypto, repo: "hexpm", optional: false]}, {:telemetry, "~> 0.4", [hex: :telemetry, repo: "hexpm", optional: false]}], "hexpm", "2d9c633f0499f9dc5c2fd069161af4e2e7756890b81adcbb2ceaa074e8308876"},
  "plug_cowboy": {:hex, :plug_cowboy, "1.0.0", "2e2a7d3409746d335f451218b8bb0858301c3de6d668c3052716c909936eb57a", [:mix], [{:cowboy, "~> 1.0", [hex: :cowboy, repo: "hexpm", optional: false]}, {:plug, "~> 1.7", [hex: :plug, repo: "hexpm", optional: false]}], "hexpm", "01d201427a8a1f4483be2465a98b45f5e82263327507fe93404a61c51eb9e9a8"},
  "plug_crypto": {:hex, :plug_crypto, "1.2.0", "1cb20793aa63a6c619dd18bb33d7a3aa94818e5fd39ad357051a67f26dfa2df6", [:mix], [], "hexpm", "a48b538ae8bf381ffac344520755f3007cc10bd8e90b240af98ea29b69683fc2"},
  "ranch": {:hex, :ranch, "1.3.2", "e4965a144dc9fbe70e5c077c65e73c57165416a901bd02ea899cfd95aa890986", [:rebar3], [], "hexpm", "6e56493a862433fccc3aca3025c946d6720d8eedf6e3e6fb911952a7071c357f"},
  "telemetry": {:hex, :telemetry, "0.4.2", "2808c992455e08d6177322f14d3bdb6b625fbcfd233a73505870d8738a2f4599", [:rebar3], [], "hexpm", "2d1419bd9dda6a206d7b5852179511722e2b18812310d304620c7bd92a13fcef"},
  "unpack": {:hex, :unpack, "0.1.7", "c59dd8e85c5b763451197b891ed678d0a3fba6749063f0d4216a995822ad38ef", [:mix], [], "hexpm", "72699ba3ef97a193c602493cdd75486962d4b70616a81b4319b5ec01b4998087"},
}
